
Microsoft Visual Studio Solution File, Format Version 12.00
# Visual Studio Version 16
VisualStudioVersion = 16.0.30907.101
MinimumVisualStudioVersion = 10.0.40219.1
Project("{FAE04EC0-301F-11D3-BF4B-00C04F79EFBC}") = "IntergalacticAirways", "IntergalacticAirways.csproj", "{BF28BE78-5BBB-4D9D-851A-C4DD27FF5F89}"
EndProject
Project("{FAE04EC0-301F-11D3-BF4B-00C04F79EFBC}") = "IntergalacticAirways.BLL", "..\IntergalacticAirways.BLL\IntergalacticAirways.BLL.csproj", "{8F5E43BE-075B-4F4E-8F86-87203034FCC2}"
EndProject
Project("{FAE04EC0-301F-11D3-BF4B-00C04F79EFBC}") = "IntergalacticAirways.DAL", "..\IntergalacticAirways.DAL\IntergalacticAirways.DAL.csproj", "{F82ADFA9-087F-40A8-9CA8-576EC84C10C4}"
EndProject
Global
	GlobalSection(SolutionConfigurationPlatforms) = preSolution
		Debug|Any CPU = Debug|Any CPU
		Release|Any CPU = Release|Any CPU
	EndGlobalSection
	GlobalSection(ProjectConfigurationPlatforms) = postSolution
		{BF28BE78-5BBB-4D9D-851A-C4DD27FF5F89}.Debug|Any CPU.ActiveCfg = Debug|Any CPU
		{BF28BE78-5BBB-4D9D-851A-C4DD27FF5F89}.Debug|Any CPU.Build.0 = Debug|Any CPU
		{BF28BE78-5BBB-4D9D-851A-C4DD27FF5F89}.Release|Any CPU.ActiveCfg = Release|Any CPU
		{BF28BE78-5BBB-4D9D-851A-C4DD27FF5F89}.Release|Any CPU.Build.0 = Release|Any CPU
		{8F5E43BE-075B-4F4E-8F86-87203034FCC2}.Debug|Any CPU.ActiveCfg = Debug|Any CPU
		{8F5E43BE-075B-4F4E-8F86-87203034FCC2}.Debug|Any CPU.Build.0 = Debug|Any CPU
		{8F5E43BE-075B-4F4E-8F86-87203034FCC2}.Release|Any CPU.ActiveCfg = Release|Any CPU
		{8F5E43BE-075B-4F4E-8F86-87203034FCC2}.Release|Any CPU.Build.0 = Release|Any CPU
		{F82ADFA9-087F-40A8-9CA8-576EC84C10C4}.Debug|Any CPU.ActiveCfg = Debug|Any CPU
		{F82ADFA9-087F-40A8-9CA8-576EC84C10C4}.Debug|Any CPU.Build.0 = Debug|Any CPU
		{F82ADFA9-087F-40A8-9CA8-576EC84C10C4}.Release|Any CPU.ActiveCfg = Release|Any CPU
		{F82ADFA9-087F-40A8-9CA8-576EC84C10C4}.Release|Any CPU.Build.0 = Release|Any CPU
	EndGlobalSection
	GlobalSection(SolutionProperties) = preSolution
		HideSolutionNode = FALSE
	EndGlobalSection
	GlobalSection(ExtensibilityGlobals) = postSolution
		SolutionGuid = {608A7341-099F-42D7-BD72-27DC1D9A211B}
	EndGlobalSection
EndGlobal
